// !$*UTF8*$!
{
	archiveVersion = 1;
	classes = {
	};
	objectVersion = 48;
	objects = {

/* Begin PBXBuildFile section */
		05BB66071FC7435400E0C93D /* AppDelegate.m in Sources */ = {isa = PBXBuildFile; fileRef = 05BB66061FC7435400E0C93D /* AppDelegate.m */; };
		05BB660A1FC7435400E0C93D /* Receipts__.xcdatamodeld in Sources */ = {isa = PBXBuildFile; fileRef = 05BB66081FC7435400E0C93D /* Receipts__.xcdatamodeld */; };
		05BB660D1FC7435400E0C93D /* MasterViewController.m in Sources */ = {isa = PBXBuildFile; fileRef = 05BB660C1FC7435400E0C93D /* MasterViewController.m */; };
		05BB66131FC7435400E0C93D /* Main.storyboard in Resources */ = {isa = PBXBuildFile; fileRef = 05BB66111FC7435400E0C93D /* Main.storyboard */; };
		05BB66151FC7435400E0C93D /* Assets.xcassets in Resources */ = {isa = PBXBuildFile; fileRef = 05BB66141FC7435400E0C93D /* Assets.xcassets */; };
		05BB66181FC7435400E0C93D /* LaunchScreen.storyboard in Resources */ = {isa = PBXBuildFile; fileRef = 05BB66161FC7435400E0C93D /* LaunchScreen.storyboard */; };
		05BB661B1FC7435400E0C93D /* main.m in Sources */ = {isa = PBXBuildFile; fileRef = 05BB661A1FC7435400E0C93D /* main.m */; };
		05BB66231FC7474600E0C93D /* CustomTableViewCell.m in Sources */ = {isa = PBXBuildFile; fileRef = 05BB66221FC7474600E0C93D /* CustomTableViewCell.m */; };
		05BB662B1FC74D2200E0C93D /* AddViewController.m in Sources */ = {isa = PBXBuildFile; fileRef = 05BB662A1FC74D2200E0C93D /* AddViewController.m */; };
		05DD1C5E1FC76E9A006FD36A /* DataHandler.m in Sources */ = {isa = PBXBuildFile; fileRef = 05DD1C5D1FC76E9A006FD36A /* DataHandler.m */; };
/* End PBXBuildFile section */

/* Begin PBXFileReference section */
		05BB66021FC7435400E0C93D /* Receipts++.app */ = {isa = PBXFileReference; explicitFileType = wrapper.application; includeInIndex = 0; path = "Receipts++.app"; sourceTree = BUILT_PRODUCTS_DIR; };
		05BB66051FC7435400E0C93D /* AppDelegate.h */ = {isa = PBXFileReference; lastKnownFileType = sourcecode.c.h; path = AppDelegate.h; sourceTree = "<group>"; };
		05BB66061FC7435400E0C93D /* AppDelegate.m */ = {isa = PBXFileReference; lastKnownFileType = sourcecode.c.objc; path = AppDelegate.m; sourceTree = "<group>"; };
		05BB66091FC7435400E0C93D /* Receipts__.xcdatamodel */ = {isa = PBXFileReference; lastKnownFileType = wrapper.xcdatamodel; path = Receipts__.xcdatamodel; sourceTree = "<group>"; };
		05BB660B1FC7435400E0C93D /* MasterViewController.h */ = {isa = PBXFileReference; lastKnownFileType = sourcecode.c.h; path = MasterViewController.h; sourceTree = "<group>"; };
		05BB660C1FC7435400E0C93D /* MasterViewController.m */ = {isa = PBXFileReference; lastKnownFileType = sourcecode.c.objc; path = MasterViewController.m; sourceTree = "<group>"; };
		05BB66121FC7435400E0C93D /* Base */ = {isa = PBXFileReference; lastKnownFileType = file.storyboard; name = Base; path = Base.lproj/Main.storyboard; sourceTree = "<group>"; };
		05BB66141FC7435400E0C93D /* Assets.xcassets */ = {isa = PBXFileReference; lastKnownFileType = folder.assetcatalog; path = Assets.xcassets; sourceTree = "<group>"; };
		05BB66171FC7435400E0C93D /* Base */ = {isa = PBXFileReference; lastKnownFileType = file.storyboard; name = Base; path = Base.lproj/LaunchScreen.storyboard; sourceTree = "<group>"; };
		05BB66191FC7435400E0C93D /* Info.plist */ = {isa = PBXFileReference; lastKnownFileType = text.plist.xml; path = Info.plist; sourceTree = "<group>"; };
		05BB661A1FC7435400E0C93D /* main.m */ = {isa = PBXFileReference; lastKnownFileType = sourcecode.c.objc; path = main.m; sourceTree = "<group>"; };
		05BB66211FC7474600E0C93D /* CustomTableViewCell.h */ = {isa = PBXFileReference; lastKnownFileType = sourcecode.c.h; path = CustomTableViewCell.h; sourceTree = "<group>"; };
		05BB66221FC7474600E0C93D /* CustomTableViewCell.m */ = {isa = PBXFileReference; lastKnownFileType = sourcecode.c.objc; path = CustomTableViewCell.m; sourceTree = "<group>"; };
		05BB66291FC74D2200E0C93D /* AddViewController.h */ = {isa = PBXFileReference; lastKnownFileType = sourcecode.c.h; path = AddViewController.h; sourceTree = "<group>"; };
		05BB662A1FC74D2200E0C93D /* AddViewController.m */ = {isa = PBXFileReference; lastKnownFileType = sourcecode.c.objc; path = AddViewController.m; sourceTree = "<group>"; };
		05DD1C5C1FC76E9A006FD36A /* DataHandler.h */ = {isa = PBXFileReference; lastKnownFileType = sourcecode.c.h; path = DataHandler.h; sourceTree = "<group>"; };
		05DD1C5D1FC76E9A006FD36A /* DataHandler.m */ = {isa = PBXFileReference; lastKnownFileType = sourcecode.c.objc; path = DataHandler.m; sourceTree = "<group>"; };
/* End PBXFileReference section */

/* Begin PBXFrameworksBuildPhase section */
		05BB65FF1FC7435400E0C93D /* Frameworks */ = {
			isa = PBXFrameworksBuildPhase;
			buildActionMask = 2147483647;
			files = (
			);
			runOnlyForDeploymentPostprocessing = 0;
		};
/* End PBXFrameworksBuildPhase section */

/* Begin PBXGroup section */
		05BB65F91FC7435400E0C93D = {
			isa = PBXGroup;
			children = (
				05BB66041FC7435400E0C93D /* Receipts++ */,
				05BB66031FC7435400E0C93D /* Products */,
			);
			sourceTree = "<group>";
		};
		05BB66031FC7435400E0C93D /* Products */ = {
			isa = PBXGroup;
			children = (
				05BB66021FC7435400E0C93D /* Receipts++.app */,
			);
			name = Products;
			sourceTree = "<group>";
		};
		05BB66041FC7435400E0C93D /* Receipts++ */ = {
			isa = PBXGroup;
			children = (
				05DD1C5B1FC76E38006FD36A /* Model */,
				05BB66261FC74CD300E0C93D /* Controller */,
				05BB66251FC7476C00E0C93D /* View */,
				05BB66191FC7435400E0C93D /* Info.plist */,
				05BB66081FC7435400E0C93D /* Receipts__.xcdatamodeld */,
				05BB66241FC7474D00E0C93D /* Supporting Files */,
			);
			path = "Receipts++";
			sourceTree = "<group>";
		};
		05BB66241FC7474D00E0C93D /* Supporting Files */ = {
			isa = PBXGroup;
			children = (
				05BB66051FC7435400E0C93D /* AppDelegate.h */,
				05BB66061FC7435400E0C93D /* AppDelegate.m */,
				05BB66141FC7435400E0C93D /* Assets.xcassets */,
				05BB66161FC7435400E0C93D /* LaunchScreen.storyboard */,
				05BB661A1FC7435400E0C93D /* main.m */,
			);
			path = "Supporting Files";
			sourceTree = "<group>";
		};
		05BB66251FC7476C00E0C93D /* View */ = {
			isa = PBXGroup;
			children = (
				05BB66211FC7474600E0C93D /* CustomTableViewCell.h */,
				05BB66221FC7474600E0C93D /* CustomTableViewCell.m */,
				05BB66111FC7435400E0C93D /* Main.storyboard */,
			);
			path = View;
			sourceTree = "<group>";
		};
		05BB66261FC74CD300E0C93D /* Controller */ = {
			isa = PBXGroup;
			children = (
				05BB660B1FC7435400E0C93D /* MasterViewController.h */,
				05BB660C1FC7435400E0C93D /* MasterViewController.m */,
				05BB66291FC74D2200E0C93D /* AddViewController.h */,
				05BB662A1FC74D2200E0C93D /* AddViewController.m */,
			);
			path = Controller;
			sourceTree = "<group>";
		};
		05DD1C5B1FC76E38006FD36A /* Model */ = {
			isa = PBXGroup;
			children = (
				05DD1C5C1FC76E9A006FD36A /* DataHandler.h */,
				05DD1C5D1FC76E9A006FD36A /* DataHandler.m */,
			);
			path = Model;
			sourceTree = "<group>";
		};
/* End PBXGroup section */

/* Begin PBXNativeTarget section */
		05BB66011FC7435400E0C93D /* Receipts++ */ = {
			isa = PBXNativeTarget;
			buildConfigurationList = 05BB661E1FC7435400E0C93D /* Build configuration list for PBXNativeTarget "Receipts++" */;
			buildPhases = (
				05BB65FE1FC7435400E0C93D /* Sources */,
				05BB65FF1FC7435400E0C93D /* Frameworks */,
				05BB66001FC7435400E0C93D /* Resources */,
			);
			buildRules = (
			);
			dependencies = (
			);
			name = "Receipts++";
			productName = "Receipts++";
			productReference = 05BB66021FC7435400E0C93D /* Receipts++.app */;
			productType = "com.apple.product-type.application";
		};
/* End PBXNativeTarget section */

/* Begin PBXProject section */
		05BB65FA1FC7435400E0C93D /* Project object */ = {
			isa = PBXProject;
			attributes = {
				LastUpgradeCheck = 0920;
				ORGANIZATIONNAME = "Larry Luk";
				TargetAttributes = {
					05BB66011FC7435400E0C93D = {
						CreatedOnToolsVersion = 9.2;
						ProvisioningStyle = Automatic;
					};
				};
			};
			buildConfigurationList = 05BB65FD1FC7435400E0C93D /* Build configuration list for PBXProject "Receipts++" */;
			compatibilityVersion = "Xcode 8.0";
			developmentRegion = en;
			hasScannedForEncodings = 0;
			knownRegions = (
				en,
				Base,
			);
			mainGroup = 05BB65F91FC7435400E0C93D;
			productRefGroup = 05BB66031FC7435400E0C93D /* Products */;
			projectDirPath = "";
			projectRoot = "";
			targets = (
				05BB66011FC7435400E0C93D /* Receipts++ */,
			);
		};
/* End PBXProject section */

/* Begin PBXResourcesBuildPhase section */
		05BB66001FC7435400E0C93D /* Resources */ = {
			isa = PBXResourcesBuildPhase;
			buildActionMask = 2147483647;
			files = (
				05BB66181FC7435400E0C93D /* LaunchScreen.storyboard in Resources */,
				05BB66151FC7435400E0C93D /* Assets.xcassets in Resources */,
				05BB66131FC7435400E0C93D /* Main.storyboard in Resources */,
			);
			runOnlyForDeploymentPostprocessing = 0;
		};
/* End PBXResourcesBuildPhase section */

/* Begin PBXSourcesBuildPhase section */
		05BB65FE1FC7435400E0C93D /* Sources */ = {
			isa = PBXSourcesBuildPhase;
			buildActionMask = 2147483647;
			files = (
				05BB661B1FC7435400E0C93D /* main.m in Sources */,
				05DD1C5E1FC76E9A006FD36A /* DataHandler.m in Sources */,
				05BB660A1FC7435400E0C93D /* Receipts__.xcdatamodeld in Sources */,
				05BB66231FC7474600E0C93D /* CustomTableViewCell.m in Sources */,
				05BB662B1FC74D2200E0C93D /* AddViewController.m in Sources */,
				05BB660D1FC7435400E0C93D /* MasterViewController.m in Sources */,
				05BB66071FC7435400E0C93D /* AppDelegate.m in Sources */,
			);
			runOnlyForDeploymentPostprocessing = 0;
		};
/* End PBXSourcesBuildPhase section */

/* Begin PBXVariantGroup section */
		05BB66111FC7435400E0C93D /* Main.storyboard */ = {
			isa = PBXVariantGroup;
			children = (
				05BB66121FC7435400E0C93D /* Base */,
			);
			name = Main.storyboard;
			sourceTree = "<group>";
		};
		05BB66161FC7435400E0C93D /* LaunchScreen.storyboard */ = {
			isa = PBXVariantGroup;
			children = (
				05BB66171FC7435400E0C93D /* Base */,
			);
			name = LaunchScreen.storyboard;
			sourceTree = "<group>";
		};
/* End PBXVariantGroup section */

/* Begin XCBuildConfiguration section */
		05BB661C1FC7435400E0C93D /* Debug */ = {
			isa = XCBuildConfiguration;
			buildSettings = {
				ALWAYS_SEARCH_USER_PATHS = NO;
				CLANG_ANALYZER_NONNULL = YES;
				CLANG_ANALYZER_NUMBER_OBJECT_CONVERSION = YES_AGGRESSIVE;
				CLANG_CXX_LANGUAGE_STANDARD = "gnu++14";
				CLANG_CXX_LIBRARY = "libc++";
				CLANG_ENABLE_MODULES = YES;
				CLANG_ENABLE_OBJC_ARC = YES;
				CLANG_WARN_BLOCK_CAPTURE_AUTORELEASING = YES;
				CLANG_WARN_BOOL_CONVERSION = YES;
				CLANG_WARN_COMMA = YES;
				CLANG_WARN_CONSTANT_CONVERSION = YES;
				CLANG_WARN_DIRECT_OBJC_ISA_USAGE = YES_ERROR;
				CLANG_WARN_DOCUMENTATION_COMMENTS = YES;
				CLANG_WARN_EMPTY_BODY = YES;
				CLANG_WARN_ENUM_CONVERSION = YES;
				CLANG_WARN_INFINITE_RECURSION = YES;
				CLANG_WARN_INT_CONVERSION = YES;
				CLANG_WARN_NON_LITERAL_NULL_CONVERSION = YES;
				CLANG_WARN_OBJC_LITERAL_CONVERSION = YES;
				CLANG_WARN_OBJC_ROOT_CLASS = YES_ERROR;
				CLANG_WARN_RANGE_LOOP_ANALYSIS = YES;
				CLANG_WARN_STRICT_PROTOTYPES = YES;
				CLANG_WARN_SUSPICIOUS_MOVE = YES;
				CLANG_WARN_UNGUARDED_AVAILABILITY = YES_AGGRESSIVE;
				CLANG_WARN_UNREACHABLE_CODE = YES;
				CLANG_WARN__DUPLICATE_METHOD_MATCH = YES;
				CODE_SIGN_IDENTITY = "iPhone Developer";
				COPY_PHASE_STRIP = NO;
				DEBUG_INFORMATION_FORMAT = dwarf;
				ENABLE_STRICT_OBJC_MSGSEND = YES;
				ENABLE_TESTABILITY = YES;
				GCC_C_LANGUAGE_STANDARD = gnu11;
				GCC_DYNAMIC_NO_PIC = NO;
				GCC_NO_COMMON_BLOCKS = YES;
				GCC_OPTIMIZATION_LEVEL = 0;
				GCC_PREPROCESSOR_DEFINITIONS = (
					"DEBUG=1",
					"$(inherited)",
				);
				GCC_WARN_64_TO_32_BIT_CONVERSION = YES;
				GCC_WARN_ABOUT_RETURN_TYPE = YES_ERROR;
				GCC_WARN_UNDECLARED_SELECTOR = YES;
				GCC_WARN_UNINITIALIZED_AUTOS = YES_AGGRESSIVE;
				GCC_WARN_UNUSED_FUNCTION = YES;
				GCC_WARN_UNUSED_VARIABLE = YES;
				IPHONEOS_DEPLOYMENT_TARGET = 11.2;
				MTL_ENABLE_DEBUG_INFO = YES;
				ONLY_ACTIVE_ARCH = YES;
				SDKROOT = iphoneos;
			};
			name = Debug;
		};
		05BB661D1FC7435400E0C93D /* Release */ = {
			isa = XCBuildConfiguration;
			buildSettings = {
				ALWAYS_SEARCH_USER_PATHS = NO;
				CLANG_ANALYZER_NONNULL = YES;
				CLANG_ANALYZER_NUMBER_OBJECT_CONVERSION = YES_AGGRESSIVE;
				CLANG_CXX_LANGUAGE_STANDARD = "gnu++14";
				CLANG_CXX_LIBRARY = "libc++";
				CLANG_ENABLE_MODULES = YES;
				CLANG_ENABLE_OBJC_ARC = YES;
				CLANG_WARN_BLOCK_CAPTURE_AUTORELEASING = YES;
				CLANG_WARN_BOOL_CONVERSION = YES;
				CLANG_WARN_COMMA = YES;
				CLANG_WARN_CONSTANT_CONVERSION = YES;
				CLANG_WARN_DIRECT_OBJC_ISA_USAGE = YES_ERROR;
				CLANG_WARN_DOCUMENTATION_COMMENTS = YES;
				CLANG_WARN_EMPTY_BODY = YES;
				CLANG_WARN_ENUM_CONVERSION = YES;
				CLANG_WARN_INFINITE_RECURSION = YES;
				CLANG_WARN_INT_CONVERSION = YES;
				CLANG_WARN_NON_LITERAL_NULL_CONVERSION = YES;
				CLANG_WARN_OBJC_LITERAL_CONVERSION = YES;
				CLANG_WARN_OBJC_ROOT_CLASS = YES_ERROR;
				CLANG_WARN_RANGE_LOOP_ANALYSIS = YES;
				CLANG_WARN_STRICT_PROTOTYPES = YES;
				CLANG_WARN_SUSPICIOUS_MOVE = YES;
				CLANG_WARN_UNGUARDED_AVAILABILITY = YES_AGGRESSIVE;
				CLANG_WARN_UNREACHABLE_CODE = YES;
				CLANG_WARN__DUPLICATE_METHOD_MATCH = YES;
				CODE_SIGN_IDENTITY = "iPhone Developer";
				COPY_PHASE_STRIP = NO;
				DEBUG_INFORMATION_FORMAT = "dwarf-with-dsym";
				ENABLE_NS_ASSERTIONS = NO;
				ENABLE_STRICT_OBJC_MSGSEND = YES;
				GCC_C_LANGUAGE_STANDARD = gnu11;
				GCC_NO_COMMON_BLOCKS = YES;
				GCC_WARN_64_TO_32_BIT_CONVERSION = YES;
				GCC_WARN_ABOUT_RETURN_TYPE = YES_ERROR;
				GCC_WARN_UNDECLARED_SELECTOR = YES;
				GCC_WARN_UNINITIALIZED_AUTOS = YES_AGGRESSIVE;
				GCC_WARN_UNUSED_FUNCTION = YES;
				GCC_WARN_UNUSED_VARIABLE = YES;
				IPHONEOS_DEPLOYMENT_TARGET = 11.2;
				MTL_ENABLE_DEBUG_INFO = NO;
				SDKROOT = iphoneos;
				VALIDATE_PRODUCT = YES;
			};
			name = Release;
		};
		05BB661F1FC7435400E0C93D /* Debug */ = {
			isa = XCBuildConfiguration;
			buildSettings = {
				ASSETCATALOG_COMPILER_APPICON_NAME = AppIcon;
				CODE_SIGN_STYLE = Automatic;
				DEVELOPMENT_TEAM = H36FGN369H;
				INFOPLIST_FILE = "Receipts++/Info.plist";
				LD_RUNPATH_SEARCH_PATHS = "$(inherited) @executable_path/Frameworks";
				PRODUCT_BUNDLE_IDENTIFIER = "LL.Receipts--";
				PRODUCT_NAME = "$(TARGET_NAME)";
				TARGETED_DEVICE_FAMILY = "1,2";
			};
			name = Debug;
		};
		05BB66201FC7435400E0C93D /* Release */ = {
			isa = XCBuildConfiguration;
			buildSettings = {
				ASSETCATALOG_COMPILER_APPICON_NAME = AppIcon;
				CODE_SIGN_STYLE = Automatic;
				DEVELOPMENT_TEAM = H36FGN369H;
				INFOPLIST_FILE = "Receipts++/Info.plist";
				LD_RUNPATH_SEARCH_PATHS = "$(inherited) @executable_path/Frameworks";
				PRODUCT_BUNDLE_IDENTIFIER = "LL.Receipts--";
				PRODUCT_NAME = "$(TARGET_NAME)";
				TARGETED_DEVICE_FAMILY = "1,2";
			};
			name = Release;
		};
/* End XCBuildConfiguration section */

/* Begin XCConfigurationList section */
		05BB65FD1FC7435400E0C93D /* Build configuration list for PBXProject "Receipts++" */ = {
			isa = XCConfigurationList;
			buildConfigurations = (
				05BB661C1FC7435400E0C93D /* Debug */,
				05BB661D1FC7435400E0C93D /* Release */,
			);
			defaultConfigurationIsVisible = 0;
			defaultConfigurationName = Release;
		};
		05BB661E1FC7435400E0C93D /* Build configuration list for PBXNativeTarget "Receipts++" */ = {
			isa = XCConfigurationList;
			buildConfigurations = (
				05BB661F1FC7435400E0C93D /* Debug */,
				05BB66201FC7435400E0C93D /* Release */,
			);
			defaultConfigurationIsVisible = 0;
			defaultConfigurationName = Release;
		};
/* End XCConfigurationList section */

/* Begin XCVersionGroup section */
		05BB66081FC7435400E0C93D /* Receipts__.xcdatamodeld */ = {
			isa = XCVersionGroup;
			children = (
				05BB66091FC7435400E0C93D /* Receipts__.xcdatamodel */,
			);
			currentVersion = 05BB66091FC7435400E0C93D /* Receipts__.xcdatamodel */;
			path = Receipts__.xcdatamodeld;
			sourceTree = "<group>";
			versionGroupType = wrapper.xcdatamodel;
		};
/* End XCVersionGroup section */
	};
	rootObject = 05BB65FA1FC7435400E0C93D /* Project object */;
}
